<?xml version="1.0" encoding="utf-8"?>
<Project ToolsVersion="4.0" xmlns="http://schemas.microsoft.com/developer/msbuild/2003">
  <ItemGroup>
    <Filter Include="Source files">
      <UniqueIdentifier>{c6040e40-85cc-418f-977d-c0d6179ce18c}</UniqueIdentifier>
      <Extensions>cpp;c;cc;cxx;def;odl;idl;hpj;bat;asm;asmx</Extensions>
    </Filter>
    <Filter Include="Make files">
      <UniqueIdentifier>{77446d3a-ee8f-4163-9a38-94444650cd49}</UniqueIdentifier>
      <Extensions>*.mak</Extensions>
    </Filter>
    <Filter Include="lib Header files">
      <UniqueIdentifier>{222362b3-d31e-4763-965a-409fa6d4bc8d}</UniqueIdentifier>
      <Extensions>h;hpp;hxx;hm;inl;inc;xsd</Extensions>
    </Filter>
    <Filter Include="Examples">
      <UniqueIdentifier>{170b3464-e340-48cb-850b-cf4f868cac82}</UniqueIdentifier>
    </Filter>
    <Filter Include="project Header files">
      <UniqueIdentifier>{6c3c747f-4cdf-4226-abff-84f1235f01d7}</UniqueIdentifier>
    </Filter>
  </ItemGroup>
  <ItemGroup>
    <None Include="debug.mak">
      <Filter>Make files</Filter>
    </None>
    <None Include="release.mak">
      <Filter>Make files</Filter>
    </None>
    <None Include="Makefile">
      <Filter>Make files</Filter>
    </None>
  </ItemGroup>
  <ItemGroup>
    <ClCompile Include="BlackLib\BlackUART\BlackUART.cpp">
      <Filter>Source files</Filter>
    </ClCompile>
    <ClCompile Include="BlackLib\BlackTime\BlackTime.cpp">
      <Filter>Source files</Filter>
    </ClCompile>
    <ClCompile Include="BlackLib\BlackThread\BlackThread.cpp">
      <Filter>Source files</Filter>
    </ClCompile>
    <ClCompile Include="BlackLib\BlackSPI\BlackSPI.cpp">
      <Filter>Source files</Filter>
    </ClCompile>
    <ClCompile Include="BlackLib\BlackServo\BlackServo.cpp">
      <Filter>Source files</Filter>
    </ClCompile>
    <ClCompile Include="BlackLib\BlackPWM\BlackPWM.cpp">
      <Filter>Source files</Filter>
    </ClCompile>
    <ClCompile Include="BlackLib\BlackMutex\BlackMutex.cpp">
      <Filter>Source files</Filter>
    </ClCompile>
    <ClCompile Include="BlackLib\BlackI2C\BlackI2C.cpp">
      <Filter>Source files</Filter>
    </ClCompile>
    <ClCompile Include="BlackLib\BlackGPIO\BlackGPIO.cpp">
      <Filter>Source files</Filter>
    </ClCompile>
    <ClCompile Include="BlackLib\BlackDirectory\BlackDirectory.cpp">
      <Filter>Source files</Filter>
    </ClCompile>
    <ClCompile Include="BlackLib\BlackCore.cpp">
      <Filter>Source files</Filter>
    </ClCompile>
    <ClCompile Include="BlackLib\BlackADC\BlackADC.cpp">
      <Filter>Source files</Filter>
    </ClCompile>
    <ClCompile Include="WiFiRobot\WiFiRobotTCPReceiverThread.cpp">
      <Filter>Source files</Filter>
    </ClCompile>
    <ClCompile Include="WiFiRobot\WiFiRobotTCPSenderThread.cpp">
      <Filter>Source files</Filter>
    </ClCompile>
    <ClCompile Include="WiFiRobot\WiFiRobotMain.cpp">
      <Filter>Source files</Filter>
    </ClCompile>
    <ClCompile Include="WiFiRobot\WiFiRobotUltraSoundThread.cpp">
      <Filter>Source files</Filter>
    </ClCompile>
    <ClCompile Include="BlackLib\examples\ExampleMain.cpp">
      <Filter>Source files</Filter>
    </ClCompile>
  </ItemGroup>
  <ItemGroup>
    <ClInclude Include="BlackLib\BlackADC\BlackADC.h">
      <Filter>lib Header files</Filter>
    </ClInclude>
    <ClInclude Include="BlackLib\BlackDirectory\BlackDirectory.h">
      <Filter>lib Header files</Filter>
    </ClInclude>
    <ClInclude Include="BlackLib\BlackGPIO\BlackGPIO.h">
      <Filter>lib Header files</Filter>
    </ClInclude>
    <ClInclude Include="BlackLib\BlackI2C\BlackI2C.h">
      <Filter>lib Header files</Filter>
    </ClInclude>
    <ClInclude Include="BlackLib\BlackLib.h">
      <Filter>lib Header files</Filter>
    </ClInclude>
    <ClInclude Include="BlackLib\BlackErr.h">
      <Filter>lib Header files</Filter>
    </ClInclude>
    <ClInclude Include="BlackLib\BlackDef.h">
      <Filter>lib Header files</Filter>
    </ClInclude>
    <ClInclude Include="BlackLib\BlackCore.h">
      <Filter>lib Header files</Filter>
    </ClInclude>
    <ClInclude Include="BlackLib\BlackMutex\BlackMutex.h">
      <Filter>lib Header files</Filter>
    </ClInclude>
    <ClInclude Include="BlackLib\examples\example_wifirobot.h">
      <Filter>Examples</Filter>
    </ClInclude>
    <ClInclude Include="BlackLib\examples\example_UART.h">
      <Filter>Examples</Filter>
    </ClInclude>
    <ClInclude Include="BlackLib\examples\example_time.h">
      <Filter>Examples</Filter>
    </ClInclude>
    <ClInclude Include="BlackLib\examples\example_threadAndMutex.h">
      <Filter>Examples</Filter>
    </ClInclude>
    <ClInclude Include="BlackLib\examples\example_SPI.h">
      <Filter>Examples</Filter>
    </ClInclude>
    <ClInclude Include="BlackLib\examples\example_Servo.h">
      <Filter>Examples</Filter>
    </ClInclude>
    <ClInclude Include="BlackLib\examples\example_PWM.h">
      <Filter>Examples</Filter>
    </ClInclude>
    <ClInclude Include="BlackLib\examples\example_I2C.h">
      <Filter>Examples</Filter>
    </ClInclude>
    <ClInclude Include="BlackLib\examples\example_GPIO.h">
      <Filter>Examples</Filter>
    </ClInclude>
    <ClInclude Include="BlackLib\examples\example_directory.h">
      <Filter>Examples</Filter>
    </ClInclude>
    <ClInclude Include="BlackLib\BlackPWM\BlackPWM.h">
      <Filter>lib Header files</Filter>
    </ClInclude>
    <ClInclude Include="BlackLib\BlackServo\BlackServo.h">
      <Filter>lib Header files</Filter>
    </ClInclude>
    <ClInclude Include="BlackLib\BlackSPI\BlackSPI.h">
      <Filter>lib Header files</Filter>
    </ClInclude>
    <ClInclude Include="BlackLib\BlackThread\BlackThread.h">
      <Filter>lib Header files</Filter>
    </ClInclude>
    <ClInclude Include="BlackLib\BlackTime\BlackTime.h">
      <Filter>lib Header files</Filter>
    </ClInclude>
    <ClInclude Include="BlackLib\BlackUART\BlackUART.h">
      <Filter>lib Header files</Filter>
    </ClInclude>
    <ClInclude Include="BlackLib\examples\example_ADC.h">
      <Filter>Examples</Filter>
    </ClInclude>
    <ClInclude Include="WiFiRobot\WiFiRobotTCPReceiverThread.h">
      <Filter>project Header files</Filter>
    </ClInclude>
    <ClInclude Include="WiFiRobot\WiFiRobotTCPSenderThread.h">
      <Filter>project Header files</Filter>
    </ClInclude>
    <ClInclude Include="WiFiRobot\WiFiRobotUltraSoundThread.h">
      <Filter>project Header files</Filter>
    </ClInclude>
    <ClInclude Include="WiFiRobot\WiFiRobotJson.h">
      <Filter>project Header files</Filter>
    </ClInclude>
  </ItemGroup>
</Project>